// !$*UTF8*$!
{
	archiveVersion = 1;
	classes = {
	};
	objectVersion = 56;
	objects = {

/* Begin PBXBuildFile section */
		1D1A2B0E2C1234560012ABCD /* VoiceBoardApp.swift in Sources */ = {isa = PBXBuildFile; fileRef = 1D1A2B0D2C1234560012ABCD /* VoiceBoardApp.swift */; };
		1D1A2B102C1234560012ABCD /* ContentView.swift in Sources */ = {isa = PBXBuildFile; fileRef = 1D1A2B0F2C1234560012ABCD /* ContentView.swift */; };
		1D1A2B122C1234570012ABCD /* Assets.xcassets in Resources */ = {isa = PBXBuildFile; fileRef = 1D1A2B112C1234570012ABCD /* Assets.xcassets */; };
		1D1A2B152C1234570012ABCD /* Preview Assets.xcassets in Resources */ = {isa = PBXBuildFile; fileRef = 1D1A2B142C1234570012ABCD /* Preview Assets.xcassets */; };
		1D1A2B1D2C1234580012ABCD /* KeyboardViewController.swift in Sources */ = {isa = PBXBuildFile; fileRef = 1D1A2B1C2C1234580012ABCD /* KeyboardViewController.swift */; };
		1D1A2B212C1234580012ABCD /* VoiceBoardKeyboard.appex in Embed App Extensions */ = {isa = PBXBuildFile; fileRef = 1D1A2B1A2C1234580012ABCD /* VoiceBoardKeyboard.appex */; settings = {ATTRIBUTES = (RemoveHeadersOnCopy, ); }; };
		1D1A2B262C1234590012ABCD /* AudioEngine.swift in Sources */ = {isa = PBXBuildFile; fileRef = 1D1A2B252C1234590012ABCD /* AudioEngine.swift */; };
		1D1A2B272C1234590012ABCD /* WhisperManager.swift in Sources */ = {isa = PBXBuildFile; fileRef = 1D1A2B282C1234590012ABCD /* WhisperManager.swift */; };
/* End PBXBuildFile section */

/* Begin PBXContainerItemProxy section */
		1D1A2B1F2C1234580012ABCD /* PBXContainerItemProxy */ = {
			isa = PBXContainerItemProxy;
			containerPortal = 1D1A2B022C1234560012ABCD /* Project object */;
			proxyType = 1;
			remoteGlobalIDString = 1D1A2B192C1234580012ABCD;
			remoteInfo = VoiceBoardKeyboard;
		};
/* End PBXContainerItemProxy section */

/* Begin PBXCopyFilesBuildPhase section */
		1D1A2B222C1234580012ABCD /* Embed App Extensions */ = {
			isa = PBXCopyFilesBuildPhase;
			buildActionMask = 2147483647;
			dstPath = "";
			dstSubfolderSpec = 13;
			files = (
				1D1A2B212C1234580012ABCD /* VoiceBoardKeyboard.appex in Embed App Extensions */,
			);
			name = "Embed App Extensions";
			runOnlyForDeploymentPostprocessing = 0;
		};
/* End PBXCopyFilesBuildPhase section */

/* Begin PBXFileReference section */
		1D1A2B0A2C1234560012ABCD /* VoiceBoard.app */ = {isa = PBXFileReference; explicitFileType = wrapper.application; includeInIndex = 0; path = VoiceBoard.app; sourceTree = BUILT_PRODUCTS_DIR; };
		1D1A2B0D2C1234560012ABCD /* VoiceBoardApp.swift */ = {isa = PBXFileReference; lastKnownFileType = sourcecode.swift; path = VoiceBoardApp.swift; sourceTree = "<group>"; };
		1D1A2B0F2C1234560012ABCD /* ContentView.swift */ = {isa = PBXFileReference; lastKnownFileType = sourcecode.swift; path = ContentView.swift; sourceTree = "<group>"; };
		1D1A2B112C1234570012ABCD /* Assets.xcassets */ = {isa = PBXFileReference; lastKnownFileType = folder.assetcatalog; path = Assets.xcassets; sourceTree = "<group>"; };
		1D1A2B142C1234570012ABCD /* Preview Assets.xcassets */ = {isa = PBXFileReference; lastKnownFileType = folder.assetcatalog; path = "Preview Assets.xcassets"; sourceTree = "<group>"; };
		1D1A2B162C1234570012ABCD /* Info.plist */ = {isa = PBXFileReference; lastKnownFileType = text.plist.xml; path = Info.plist; sourceTree = "<group>"; };
		1D1A2B1A2C1234580012ABCD /* VoiceBoardKeyboard.appex */ = {isa = PBXFileReference; explicitFileType = "wrapper.app-extension"; includeInIndex = 0; path = VoiceBoardKeyboard.appex; sourceTree = BUILT_PRODUCTS_DIR; };
		1D1A2B1C2C1234580012ABCD /* KeyboardViewController.swift */ = {isa = PBXFileReference; lastKnownFileType = sourcecode.swift; path = KeyboardViewController.swift; sourceTree = "<group>"; };
		1D1A2B1E2C1234580012ABCD /* Info.plist */ = {isa = PBXFileReference; lastKnownFileType = text.plist.xml; path = Info.plist; sourceTree = "<group>"; };
		1D1A2B252C1234590012ABCD /* AudioEngine.swift */ = {isa = PBXFileReference; lastKnownFileType = sourcecode.swift; path = AudioEngine.swift; sourceTree = "<group>"; };
		1D1A2B282C1234590012ABCD /* WhisperManager.swift */ = {isa = PBXFileReference; lastKnownFileType = sourcecode.swift; path = WhisperManager.swift; sourceTree = "<group>"; };
		1D1A2B292C1234590012ABCD /* VoiceBoard.entitlements */ = {isa = PBXFileReference; lastKnownFileType = text.plist.entitlements; path = VoiceBoard.entitlements; sourceTree = "<group>"; };
		1D1A2B2A2C1234590012ABCD /* VoiceBoardKeyboard.entitlements */ = {isa = PBXFileReference; lastKnownFileType = text.plist.entitlements; path = VoiceBoardKeyboard.entitlements; sourceTree = "<group>"; };
/* End PBXFileReference section */

/* Begin PBXFrameworksBuildPhase section */
		1D1A2B072C1234560012ABCD /* Frameworks */ = {
			isa = PBXFrameworksBuildPhase;
			buildActionMask = 2147483647;
			files = (
			);
			runOnlyForDeploymentPostprocessing = 0;
		};
		1D1A2B172C1234580012ABCD /* Frameworks */ = {
			isa = PBXFrameworksBuildPhase;
			buildActionMask = 2147483647;
			files = (
			);
			runOnlyForDeploymentPostprocessing = 0;
		};
/* End PBXFrameworksBuildPhase section */

/* Begin PBXGroup section */
		1D1A2B012C1234560012ABCD = {
			isa = PBXGroup;
			children = (
				1D1A2B0C2C1234560012ABCD /* VoiceBoard */,
				1D1A2B1B2C1234580012ABCD /* VoiceBoardKeyboard */,
				1D1A2B0B2C1234560012ABCD /* Products */,
			);
			sourceTree = "<group>";
		};
		1D1A2B0B2C1234560012ABCD /* Products */ = {
			isa = PBXGroup;
			children = (
				1D1A2B0A2C1234560012ABCD /* VoiceBoard.app */,
				1D1A2B1A2C1234580012ABCD /* VoiceBoardKeyboard.appex */,
			);
			name = Products;
			sourceTree = "<group>";
		};
		1D1A2B0C2C1234560012ABCD /* VoiceBoard */ = {
			isa = PBXGroup;
			children = (
				1D1A2B292C1234590012ABCD /* VoiceBoard.entitlements */,
				1D1A2B0D2C1234560012ABCD /* VoiceBoardApp.swift */,
				1D1A2B0F2C1234560012ABCD /* ContentView.swift */,
				1D1A2B252C1234590012ABCD /* AudioEngine.swift */,
				1D1A2B282C1234590012ABCD /* WhisperManager.swift */,
				1D1A2B112C1234570012ABCD /* Assets.xcassets */,
				1D1A2B162C1234570012ABCD /* Info.plist */,
				1D1A2B132C1234570012ABCD /* Preview Content */,
			);
			path = VoiceBoard;
			sourceTree = "<group>";
		};
		1D1A2B132C1234570012ABCD /* Preview Content */ = {
			isa = PBXGroup;
			children = (
				1D1A2B142C1234570012ABCD /* Preview Assets.xcassets */,
			);
			path = "Preview Content";
			sourceTree = "<group>";
		};
		1D1A2B1B2C1234580012ABCD /* VoiceBoardKeyboard */ = {
			isa = PBXGroup;
			children = (
				1D1A2B2A2C1234590012ABCD /* VoiceBoardKeyboard.entitlements */,
				1D1A2B1C2C1234580012ABCD /* KeyboardViewController.swift */,
				1D1A2B1E2C1234580012ABCD /* Info.plist */,
			);
			path = VoiceBoardKeyboard;
			sourceTree = "<group>";
		};
/* End PBXGroup section */

/* Begin PBXNativeTarget section */
		1D1A2B092C1234560012ABCD /* VoiceBoard */ = {
			isa = PBXNativeTarget;
			buildConfigurationList = 1D1A2B232C1234580012ABCD /* Build configuration list for PBXNativeTarget "VoiceBoard" */;
			buildPhases = (
				1D1A2B062C1234560012ABCD /* Sources */,
				1D1A2B072C1234560012ABCD /* Frameworks */,
				1D1A2B082C1234560012ABCD /* Resources */,
				1D1A2B222C1234580012ABCD /* Embed App Extensions */,
			);
			buildRules = (
			);
			dependencies = (
				1D1A2B202C1234580012ABCD /* PBXTargetDependency */,
			);
			name = VoiceBoard;
			productName = VoiceBoard;
			productReference = 1D1A2B0A2C1234560012ABCD /* VoiceBoard.app */;
			productType = "com.apple.product-type.application";
		};
		1D1A2B192C1234580012ABCD /* VoiceBoardKeyboard */ = {
			isa = PBXNativeTarget;
			buildConfigurationList = 1D1A2B242C1234580012ABCD /* Build configuration list for PBXNativeTarget "VoiceBoardKeyboard" */;
			buildPhases = (
				1D1A2B162C1234580012ABCD /* Sources */,
				1D1A2B172C1234580012ABCD /* Frameworks */,
				1D1A2B182C1234580012ABCD /* Resources */,
			);
			buildRules = (
			);
			dependencies = (
			);
			name = VoiceBoardKeyboard;
			productName = VoiceBoardKeyboard;
			productReference = 1D1A2B1A2C1234580012ABCD /* VoiceBoardKeyboard.appex */;
			productType = "com.apple.product-type.app-extension";
		};
/* End PBXNativeTarget section */

/* Begin PBXProject section */
		1D1A2B022C1234560012ABCD /* Project object */ = {
			isa = PBXProject;
			attributes = {
				BuildIndependentTargetsInParallel = 1;
				LastSwiftUpdateCheck = 1500;
				LastUpgradeCheck = 1500;
				TargetAttributes = {
					1D1A2B092C1234560012ABCD = {
						CreatedOnToolsVersion = 15.0;
					};
					1D1A2B192C1234580012ABCD = {
						CreatedOnToolsVersion = 15.0;
					};
				};
			};
			buildConfigurationList = 1D1A2B052C1234560012ABCD /* Build configuration list for PBXProject "VoiceBoard" */;
			compatibilityVersion = "Xcode 14.0";
			developmentRegion = en;
			hasScannedForEncodings = 0;
			knownRegions = (
				en,
				Base,
			);
			mainGroup = 1D1A2B012C1234560012ABCD;
			productRefGroup = 1D1A2B0B2C1234560012ABCD /* Products */;
			projectDirPath = "";
			projectRoot = "";
			targets = (
				1D1A2B092C1234560012ABCD /* VoiceBoard */,
				1D1A2B192C1234580012ABCD /* VoiceBoardKeyboard */,
			);
		};
/* End PBXProject section */

/* Begin PBXResourcesBuildPhase section */
		1D1A2B082C1234560012ABCD /* Resources */ = {
			isa = PBXResourcesBuildPhase;
			buildActionMask = 2147483647;
			files = (
				1D1A2B152C1234570012ABCD /* Preview Assets.xcassets in Resources */,
				1D1A2B122C1234570012ABCD /* Assets.xcassets in Resources */,
			);
			runOnlyForDeploymentPostprocessing = 0;
		};
		1D1A2B182C1234580012ABCD /* Resources */ = {
			isa = PBXResourcesBuildPhase;
			buildActionMask = 2147483647;
			files = (
			);
			runOnlyForDeploymentPostprocessing = 0;
		};
/* End PBXResourcesBuildPhase section */

/* Begin PBXSourcesBuildPhase section */
		1D1A2B062C1234560012ABCD /* Sources */ = {
			isa = PBXSourcesBuildPhase;
			buildActionMask = 2147483647;
			files = (
				1D1A2B102C1234560012ABCD /* ContentView.swift in Sources */,
				1D1A2B262C1234590012ABCD /* AudioEngine.swift in Sources */,
				1D1A2B272C1234590012ABCD /* WhisperManager.swift in Sources */,
				1D1A2B0E2C1234560012ABCD /* VoiceBoardApp.swift in Sources */,
			);
			runOnlyForDeploymentPostprocessing = 0;
		};
		1D1A2B162C1234580012ABCD /* Sources */ = {
			isa = PBXSourcesBuildPhase;
			buildActionMask = 2147483647;
			files = (
				1D1A2B1D2C1234580012ABCD /* KeyboardViewController.swift in Sources */,
			);
			runOnlyForDeploymentPostprocessing = 0;
		};
/* End PBXSourcesBuildPhase section */

/* Begin PBXTargetDependency section */
		1D1A2B202C1234580012ABCD /* PBXTargetDependency */ = {
			isa = PBXTargetDependency;
			target = 1D1A2B192C1234580012ABCD /* VoiceBoardKeyboard */;
			targetProxy = 1D1A2B1F2C1234580012ABCD /* PBXContainerItemProxy */;
		};
/* End PBXTargetDependency section */

/* Begin XCBuildConfiguration section */
		1D1A2B232C1234580012ABCD /* Debug */ = {
			isa = XCBuildConfiguration;
			buildSettings = {
				ASSETCATALOG_COMPILER_APPICON_NAME = AppIcon;
				ASSETCATALOG_COMPILER_GLOBAL_ACCENT_COLOR_NAME = AccentColor;
				CODE_SIGN_ENTITLEMENTS = VoiceBoard/VoiceBoard.entitlements;
				CODE_SIGN_STYLE = Automatic;
				CURRENT_PROJECT_VERSION = 1;
				DEVELOPMENT_ASSET_PATHS = "\"VoiceBoard/Preview Content\"";
				DEVELOPMENT_TEAM = "";
				ENABLE_PREVIEWS = YES;
				GENERATE_INFOPLIST_FILE = YES;
				INFOPLIST_FILE = VoiceBoard/Info.plist;
				INFOPLIST_KEY_NSMicrophoneUsageDescription = "VoiceBoard needs microphone access to provide voice dictation";
				INFOPLIST_KEY_UIApplicationSceneManifest_Generation = YES;
				INFOPLIST_KEY_UIApplicationSupportsIndirectInputEvents = YES;
				INFOPLIST_KEY_UILaunchScreen_Generation = YES;
				INFOPLIST_KEY_UISupportedInterfaceOrientations_iPad = "UIInterfaceOrientationPortrait UIInterfaceOrientationPortraitUpsideDown UIInterfaceOrientationLandscapeLeft UIInterfaceOrientationLandscapeRight";
				INFOPLIST_KEY_UISupportedInterfaceOrientations_iPhone = "UIInterfaceOrientationPortrait UIInterfaceOrientationLandscapeLeft UIInterfaceOrientationLandscapeRight";
				IPHONEOS_DEPLOYMENT_TARGET = 15.0;
				LD_RUNPATH_SEARCH_PATHS = (
					"$(inherited)",
					"@executable_path/Frameworks",
				);
				MARKETING_VERSION = 1.0;
				PRODUCT_BUNDLE_IDENTIFIER = com.voiceboard.VoiceBoard;
				PRODUCT_NAME = "$(TARGET_NAME)";
				SWIFT_EMIT_LOC_STRINGS = YES;
				SWIFT_VERSION = 5.0;
				TARGETED_DEVICE_FAMILY = "1,2";
			};
			name = Debug;
		};
		1D1A2B242C1234580012ABCD /* Release */ = {
			isa = XCBuildConfiguration;
			buildSettings = {
				ASSETCATALOG_COMPILER_APPICON_NAME = AppIcon;
				ASSETCATALOG_COMPILER_GLOBAL_ACCENT_COLOR_NAME = AccentColor;
				CODE_SIGN_ENTITLEMENTS = VoiceBoard/VoiceBoard.entitlements;
				CODE_SIGN_STYLE = Automatic;
				CURRENT_PROJECT_VERSION = 1;
				DEVELOPMENT_ASSET_PATHS = "\"VoiceBoard/Preview Content\"";
				DEVELOPMENT_TEAM = "";
				ENABLE_PREVIEWS = YES;
				GENERATE_INFOPLIST_FILE = YES;
				INFOPLIST_FILE = VoiceBoard/Info.plist;
				INFOPLIST_KEY_NSMicrophoneUsageDescription = "VoiceBoard needs microphone access to provide voice dictation";
				INFOPLIST_KEY_UIApplicationSceneManifest_Generation = YES;
				INFOPLIST_KEY_UIApplicationSupportsIndirectInputEvents = YES;
				INFOPLIST_KEY_UILaunchScreen_Generation = YES;
				INFOPLIST_KEY_UISupportedInterfaceOrientations_iPad = "UIInterfaceOrientationPortrait UIInterfaceOrientationPortraitUpsideDown UIInterfaceOrientationLandscapeLeft UIInterfaceOrientationLandscapeRight";
				INFOPLIST_KEY_UISupportedInterfaceOrientations_iPhone = "UIInterfaceOrientationPortrait UIInterfaceOrientationLandscapeLeft UIInterfaceOrientationLandscapeRight";
				IPHONEOS_DEPLOYMENT_TARGET = 15.0;
				LD_RUNPATH_SEARCH_PATHS = (
					"$(inherited)",
					"@executable_path/Frameworks",
				);
				MARKETING_VERSION = 1.0;
				PRODUCT_BUNDLE_IDENTIFIER = com.voiceboard.VoiceBoard;
				PRODUCT_NAME = "$(TARGET_NAME)";
				SWIFT_EMIT_LOC_STRINGS = YES;
				SWIFT_VERSION = 5.0;
				TARGETED_DEVICE_FAMILY = "1,2";
			};
			name = Release;
		};
		1D1A2B252C1234580012ABCD /* Debug */ = {
			isa = XCBuildConfiguration;
			buildSettings = {
				CODE_SIGN_ENTITLEMENTS = VoiceBoardKeyboard/VoiceBoardKeyboard.entitlements;
				CODE_SIGN_STYLE = Automatic;
				CURRENT_PROJECT_VERSION = 1;
				DEVELOPMENT_TEAM = "";
				GENERATE_INFOPLIST_FILE = YES;
				INFOPLIST_FILE = VoiceBoardKeyboard/Info.plist;
				INFOPLIST_KEY_CFBundleDisplayName = VoiceBoardKeyboard;
				INFOPLIST_KEY_NSHumanReadableCopyright = "";
				IPHONEOS_DEPLOYMENT_TARGET = 15.0;
				LD_RUNPATH_SEARCH_PATHS = (
					"$(inherited)",
					"@executable_path/Frameworks",
					"@executable_path/../../Frameworks",
				);
				MARKETING_VERSION = 1.0;
				PRODUCT_BUNDLE_IDENTIFIER = com.voiceboard.VoiceBoard.VoiceBoardKeyboard;
				PRODUCT_NAME = "$(TARGET_NAME)";
				SKIP_INSTALL = YES;
				SWIFT_EMIT_LOC_STRINGS = YES;
				SWIFT_VERSION = 5.0;
				TARGETED_DEVICE_FAMILY = "1,2";
			};
			name = Debug;
		};
		1D1A2B262C1234580012ABCD /* Release */ = {
			isa = XCBuildConfiguration;
			buildSettings = {
				CODE_SIGN_ENTITLEMENTS = VoiceBoardKeyboard/VoiceBoardKeyboard.entitlements;
				CODE_SIGN_STYLE = Automatic;
				CURRENT_PROJECT_VERSION = 1;
				DEVELOPMENT_TEAM = "";
				GENERATE_INFOPLIST_FILE = YES;
				INFOPLIST_FILE = VoiceBoardKeyboard/Info.plist;
				INFOPLIST_KEY_CFBundleDisplayName = VoiceBoardKeyboard;
				INFOPLIST_KEY_NSHumanReadableCopyright = "";
				IPHONEOS_DEPLOYMENT_TARGET = 15.0;
				LD_RUNPATH_SEARCH_PATHS = (
					"$(inherited)",
					"@executable_path/Frameworks",
					"@executable_path/../../Frameworks",
				);
				MARKETING_VERSION = 1.0;
				PRODUCT_BUNDLE_IDENTIFIER = com.voiceboard.VoiceBoard.VoiceBoardKeyboard;
				PRODUCT_NAME = "$(TARGET_NAME)";
				SKIP_INSTALL = YES;
				SWIFT_EMIT_LOC_STRINGS = YES;
				SWIFT_VERSION = 5.0;
				TARGETED_DEVICE_FAMILY = "1,2";
			};
			name = Release;
		};
		1D1A2B2B2C1234590012ABCD /* Debug */ = {
			isa = XCBuildConfiguration;
			buildSettings = {
				ALWAYS_SEARCH_USER_PATHS = NO;
				ASSETCATALOG_COMPILER_GENERATE_SWIFT_ASSET_SYMBOL_EXTENSIONS = YES;
				CLANG_ANALYZER_NONNULL = YES;
				CLANG_ANALYZER_NUMBER_OBJECT_CONVERSION = YES_AGGRESSIVE;
				CLANG_CXX_LANGUAGE_STANDARD = "gnu++20";
				CLANG_ENABLE_MODULES = YES;
				CLANG_ENABLE_OBJC_ARC = YES;
				CLANG_ENABLE_OBJC_WEAK = YES;
				CLANG_WARN_BLOCK_CAPTURE_AUTORELEASING = YES;
				CLANG_WARN_BOOL_CONVERSION = YES;
				CLANG_WARN_COMMA = YES;
				CLANG_WARN_CONSTANT_CONVERSION = YES;
				CLANG_WARN_DEPRECATED_OBJC_IMPLEMENTATIONS = YES;
				CLANG_WARN_DIRECT_OBJC_ISA_USAGE = YES_ERROR;
				CLANG_WARN_DOCUMENTATION_COMMENTS = YES;
				CLANG_WARN_EMPTY_BODY = YES;
				CLANG_WARN_ENUM_CONVERSION = YES;
				CLANG_WARN_INFINITE_RECURSION = YES;
				CLANG_WARN_INT_CONVERSION = YES;
				CLANG_WARN_NON_LITERAL_NULL_CONVERSION = YES;
				CLANG_WARN_OBJC_IMPLICIT_RETAIN_SELF = YES;
				CLANG_WARN_OBJC_LITERAL_CONVERSION = YES;
				CLANG_WARN_OBJC_ROOT_CLASS = YES_ERROR;
				CLANG_WARN_QUOTED_INCLUDE_IN_FRAMEWORK_HEADER = YES;
				CLANG_WARN_RANGE_LOOP_ANALYSIS = YES;
				CLANG_WARN_STRICT_PROTOTYPES = YES;
				CLANG_WARN_SUSPICIOUS_MOVE = YES;
				CLANG_WARN_UNGUARDED_AVAILABILITY = YES_AGGRESSIVE;
				CLANG_WARN_UNREACHABLE_CODE = YES;
				CLANG_WARN__DUPLICATE_METHOD_MATCH = YES;
				COPY_PHASE_STRIP = NO;
				DEBUG_INFORMATION_FORMAT = dwarf;
				ENABLE_STRICT_OBJC_MSGSEND = YES;
				ENABLE_TESTABILITY = YES;
				ENABLE_USER_SCRIPT_SANDBOXING = YES;
				GCC_C_LANGUAGE_STANDARD = gnu17;
				GCC_DYNAMIC_NO_PIC = NO;
				GCC_NO_COMMON_BLOCKS = YES;
				GCC_OPTIMIZATION_LEVEL = 0;
				GCC_PREPROCESSOR_DEFINITIONS = (
					"DEBUG=1",
					"$(inherited)",
				);
				GCC_WARN_64_TO_32_BIT_CONVERSION = YES;
				GCC_WARN_ABOUT_RETURN_TYPE = YES_ERROR;
				GCC_WARN_UNDECLARED_SELECTOR = YES;
				GCC_WARN_UNINITIALIZED_AUTOS = YES_AGGRESSIVE;
				GCC_WARN_UNUSED_FUNCTION = YES;
				GCC_WARN_UNUSED_VARIABLE = YES;
				IPHONEOS_DEPLOYMENT_TARGET = 15.0;
				LOCALIZATION_PREFERS_STRING_CATALOGS = YES;
				MTL_ENABLE_DEBUG_INFO = INCLUDE_SOURCE;
				MTL_FAST_MATH = YES;
				ONLY_ACTIVE_ARCH = YES;
				SDKROOT = iphoneos;
				SWIFT_ACTIVE_COMPILATION_CONDITIONS = "DEBUG $(inherited)";
				SWIFT_OPTIMIZATION_LEVEL = "-Onone";
			};
			name = Debug;
		};
		1D1A2B2C2C1234590012ABCD /* Release */ = {
			isa = XCBuildConfiguration;
			buildSettings = {
				ALWAYS_SEARCH_USER_PATHS = NO;
				ASSETCATALOG_COMPILER_GENERATE_SWIFT_ASSET_SYMBOL_EXTENSIONS = YES;
				CLANG_ANALYZER_NONNULL = YES;
				CLANG_ANALYZER_NUMBER_OBJECT_CONVERSION = YES_AGGRESSIVE;
				CLANG_CXX_LANGUAGE_STANDARD = "gnu++20";
				CLANG_ENABLE_MODULES = YES;
				CLANG_ENABLE_OBJC_ARC = YES;
				CLANG_ENABLE_OBJC_WEAK = YES;
				CLANG_WARN_BLOCK_CAPTURE_AUTORELEASING = YES;
				CLANG_WARN_BOOL_CONVERSION = YES;
				CLANG_WARN_COMMA = YES;
				CLANG_WARN_CONSTANT_CONVERSION = YES;
				CLANG_WARN_DEPRECATED_OBJC_IMPLEMENTATIONS = YES;
				CLANG_WARN_DIRECT_OBJC_ISA_USAGE = YES_ERROR;
				CLANG_WARN_DOCUMENTATION_COMMENTS = YES;
				CLANG_WARN_EMPTY_BODY = YES;
				CLANG_WARN_ENUM_CONVERSION = YES;
				CLANG_WARN_INFINITE_RECURSION = YES;
				CLANG_WARN_INT_CONVERSION = YES;
				CLANG_WARN_NON_LITERAL_NULL_CONVERSION = YES;
				CLANG_WARN_OBJC_IMPLICIT_RETAIN_SELF = YES;
				CLANG_WARN_OBJC_LITERAL_CONVERSION = YES;
				CLANG_WARN_OBJC_ROOT_CLASS = YES_ERROR;
				CLANG_WARN_QUOTED_INCLUDE_IN_FRAMEWORK_HEADER = YES;
				CLANG_WARN_RANGE_LOOP_ANALYSIS = YES;
				CLANG_WARN_STRICT_PROTOTYPES = YES;
				CLANG_WARN_SUSPICIOUS_MOVE = YES;
				CLANG_WARN_UNGUARDED_AVAILABILITY = YES_AGGRESSIVE;
				CLANG_WARN_UNREACHABLE_CODE = YES;
				CLANG_WARN__DUPLICATE_METHOD_MATCH = YES;
				COPY_PHASE_STRIP = NO;
				DEBUG_INFORMATION_FORMAT = "dwarf-with-dsym";
				ENABLE_NS_ASSERTIONS = NO;
				ENABLE_STRICT_OBJC_MSGSEND = YES;
				ENABLE_USER_SCRIPT_SANDBOXING = YES;
				GCC_C_LANGUAGE_STANDARD = gnu17;
				GCC_NO_COMMON_BLOCKS = YES;
				GCC_WARN_64_TO_32_BIT_CONVERSION = YES;
				GCC_WARN_ABOUT_RETURN_TYPE = YES_ERROR;
				GCC_WARN_UNDECLARED_SELECTOR = YES;
				GCC_WARN_UNINITIALIZED_AUTOS = YES_AGGRESSIVE;
				GCC_WARN_UNUSED_FUNCTION = YES;
				GCC_WARN_UNUSED_VARIABLE = YES;
				IPHONEOS_DEPLOYMENT_TARGET = 15.0;
				LOCALIZATION_PREFERS_STRING_CATALOGS = YES;
				MTL_ENABLE_DEBUG_INFO = NO;
				MTL_FAST_MATH = YES;
				SDKROOT = iphoneos;
				SWIFT_COMPILATION_MODE = wholemodule;
				VALIDATE_PRODUCT = YES;
			};
			name = Release;
		};
/* End XCBuildConfiguration section */

/* Begin XCConfigurationList section */
		1D1A2B052C1234560012ABCD /* Build configuration list for PBXProject "VoiceBoard" */ = {
			isa = XCConfigurationList;
			buildConfigurations = (
				1D1A2B2B2C1234590012ABCD /* Debug */,
				1D1A2B2C2C1234590012ABCD /* Release */,
			);
			defaultConfigurationIsVisible = 0;
			defaultConfigurationName = Release;
		};
		1D1A2B232C1234580012ABCD /* Build configuration list for PBXNativeTarget "VoiceBoard" */ = {
			isa = XCConfigurationList;
			buildConfigurations = (
				1D1A2B232C1234580012ABCD /* Debug */,
				1D1A2B242C1234580012ABCD /* Release */,
			);
			defaultConfigurationIsVisible = 0;
			defaultConfigurationName = Release;
		};
		1D1A2B242C1234580012ABCD /* Build configuration list for PBXNativeTarget "VoiceBoardKeyboard" */ = {
			isa = XCConfigurationList;
			buildConfigurations = (
				1D1A2B252C1234580012ABCD /* Debug */,
				1D1A2B262C1234580012ABCD /* Release */,
			);
			defaultConfigurationIsVisible = 0;
			defaultConfigurationName = Release;
		};
/* End XCConfigurationList section */
	};
	rootObject = 1D1A2B022C1234560012ABCD /* Project object */;
}